<?xml version="1.0" encoding="utf-8"?>
<Project ToolsVersion="4.0" xmlns="http://schemas.microsoft.com/developer/msbuild/2003">
  <ItemGroup>
    <Filter Include="소스 파일">
      <UniqueIdentifier>{56d7714d-7dcd-4127-9153-c0bbd003988e}</UniqueIdentifier>
      <Extensions>cpp;c;cxx;def;odl;idl;hpj;bat;asm</Extensions>
    </Filter>
    <Filter Include="헤더 파일">
      <UniqueIdentifier>{13916003-c0bf-486d-9323-45ffe2d9e574}</UniqueIdentifier>
      <Extensions>h;hpp;hxx;hm;inl;inc</Extensions>
    </Filter>
  </ItemGroup>
  <ItemGroup>
    <ClCompile Include="Stdafx.cpp">
      <Filter>소스 파일</Filter>
    </ClCompile>
    <ClCompile Include="TBtnOnFlat.cpp">
      <Filter>소스 파일</Filter>
    </ClCompile>
    <ClCompile Include="TButton.cpp">
      <Filter>소스 파일</Filter>
    </ClCompile>
    <ClCompile Include="TCmdManager.cpp">
      <Filter>소스 파일</Filter>
    </ClCompile>
    <ClCompile Include="TColorCtrl.cpp">
      <Filter>소스 파일</Filter>
    </ClCompile>
    <ClCompile Include="TColorDlg.cpp">
      <Filter>소스 파일</Filter>
    </ClCompile>
    <ClCompile Include="TComboBox.cpp">
      <Filter>소스 파일</Filter>
    </ClCompile>
    <ClCompile Include="TControlBar.cpp">
      <Filter>소스 파일</Filter>
    </ClCompile>
    <ClCompile Include="TDockBar.cpp">
      <Filter>소스 파일</Filter>
    </ClCompile>
    <ClCompile Include="TEdit.cpp">
      <Filter>소스 파일</Filter>
    </ClCompile>
    <ClCompile Include="THookSink.cpp">
      <Filter>소스 파일</Filter>
    </ClCompile>
    <ClCompile Include="TMenuControlBar.cpp">
      <Filter>소스 파일</Filter>
    </ClCompile>
    <ClCompile Include="TMiniDockFrameWnd.cpp">
      <Filter>소스 파일</Filter>
    </ClCompile>
    <ClCompile Include="TPaintManager.cpp">
      <Filter>소스 파일</Filter>
    </ClCompile>
    <ClCompile Include="TPopupMenuWnd.cpp">
      <Filter>소스 파일</Filter>
    </ClCompile>
    <ClCompile Include="TResizableDialog.cpp">
      <Filter>소스 파일</Filter>
    </ClCompile>
    <ClCompile Include="TShell.cpp">
      <Filter>소스 파일</Filter>
    </ClCompile>
    <ClCompile Include="TStatusControlBar.cpp">
      <Filter>소스 파일</Filter>
    </ClCompile>
    <ClCompile Include="TTabControlBar.cpp">
      <Filter>소스 파일</Filter>
    </ClCompile>
    <ClCompile Include="TTabCtrl.cpp">
      <Filter>소스 파일</Filter>
    </ClCompile>
    <ClCompile Include="TToolControlBar.cpp">
      <Filter>소스 파일</Filter>
    </ClCompile>
  </ItemGroup>
  <ItemGroup>
    <ClInclude Include="resource.h">
      <Filter>헤더 파일</Filter>
    </ClInclude>
    <ClInclude Include="Stdafx.h">
      <Filter>헤더 파일</Filter>
    </ClInclude>
    <ClInclude Include="TBtnOnFlat.h">
      <Filter>헤더 파일</Filter>
    </ClInclude>
    <ClInclude Include="TButton.h">
      <Filter>헤더 파일</Filter>
    </ClInclude>
    <ClInclude Include="TCmdManager.h">
      <Filter>헤더 파일</Filter>
    </ClInclude>
    <ClInclude Include="TColorCtrl.h">
      <Filter>헤더 파일</Filter>
    </ClInclude>
    <ClInclude Include="TColorDlg.h">
      <Filter>헤더 파일</Filter>
    </ClInclude>
    <ClInclude Include="TComboBox.h">
      <Filter>헤더 파일</Filter>
    </ClInclude>
    <ClInclude Include="TControlBar.h">
      <Filter>헤더 파일</Filter>
    </ClInclude>
    <ClInclude Include="TDockBar.h">
      <Filter>헤더 파일</Filter>
    </ClInclude>
    <ClInclude Include="TEdit.h">
      <Filter>헤더 파일</Filter>
    </ClInclude>
    <ClInclude Include="THookSink.h">
      <Filter>헤더 파일</Filter>
    </ClInclude>
    <ClInclude Include="TIntegrityCheckSum.h">
      <Filter>헤더 파일</Filter>
    </ClInclude>
    <ClInclude Include="TLocalization.h">
      <Filter>헤더 파일</Filter>
    </ClInclude>
    <ClInclude Include="TMemoryDC.h">
      <Filter>헤더 파일</Filter>
    </ClInclude>
    <ClInclude Include="TMenuControlBar.h">
      <Filter>헤더 파일</Filter>
    </ClInclude>
    <ClInclude Include="TMfcDef.h">
      <Filter>헤더 파일</Filter>
    </ClInclude>
    <ClInclude Include="TMiniDockFrameWnd.h">
      <Filter>헤더 파일</Filter>
    </ClInclude>
    <ClInclude Include="TPaintManager.h">
      <Filter>헤더 파일</Filter>
    </ClInclude>
    <ClInclude Include="TPopupMenuWnd.h">
      <Filter>헤더 파일</Filter>
    </ClInclude>
    <ClInclude Include="TResizableDialog.h">
      <Filter>헤더 파일</Filter>
    </ClInclude>
    <ClInclude Include="TShell.h">
      <Filter>헤더 파일</Filter>
    </ClInclude>
    <ClInclude Include="TStatusControlBar.h">
      <Filter>헤더 파일</Filter>
    </ClInclude>
    <ClInclude Include="TTabControlBar.h">
      <Filter>헤더 파일</Filter>
    </ClInclude>
    <ClInclude Include="TTabCtrl.h">
      <Filter>헤더 파일</Filter>
    </ClInclude>
    <ClInclude Include="TTempl.h">
      <Filter>헤더 파일</Filter>
    </ClInclude>
    <ClInclude Include="TToolControlBar.h">
      <Filter>헤더 파일</Filter>
    </ClInclude>
    <ClInclude Include="TUI.h">
      <Filter>헤더 파일</Filter>
    </ClInclude>
  </ItemGroup>
  <ItemGroup>
    <Text Include="ReadMe.txt" />
  </ItemGroup>
  <ItemGroup>
    <ResourceCompile Include="TachyonControl.rc" />
  </ItemGroup>
</Project>